{
    "name": "SCUT-findStuff",
    "version": "0.0.1",
    "lockfileVersion": 1,
    "requires": true,
    "dependencies": {
        "@types/geojson": {
            "version": "1.0.6",
            "resolved": "https://registry.npmjs.org/@types/geojson/-/geojson-1.0.6.tgz",
            "integrity": "sha512-Xqg/lIZMrUd0VRmSRbCAewtwGZiAk3mEUDvV4op1tGl+LvyPcb/MIOSxTl9z+9+J+R4/vpjiCAT4xeKzH9ji1w=="
        },
        "accepts": {
            "version": "1.3.7",
            "resolved": "https://registry.npmjs.org/accepts/-/accepts-1.3.7.tgz",
            "integrity": "sha512-Il80Qs2WjYlJIBNzNkK6KYqlVMTbZLXgHx2oT0pU/fjRHyEp+PEfEPY0R3WCwAGVOtauxh1hOxNgIf5bv7dQpA==",
            "requires": {
                "mime-types": "~2.1.24",
                "negotiator": "0.6.2"
            }
        },
        "any-promise": {
            "version": "1.3.0",
            "resolved": "https://registry.npmjs.org/any-promise/-/any-promise-1.3.0.tgz",
            "integrity": "sha1-q8av7tzqUugJzcA3au0845Y10X8="
        },
        "append-field": {
            "version": "1.0.0",
            "resolved": "https://registry.npmjs.org/append-field/-/append-field-1.0.0.tgz",
            "integrity": "sha1-HjRA6RXwsSA9I3SOeO3XubW0PlY="
        },
        "bignumber.js": {
            "version": "2.3.0",
            "resolved": "https://registry.npmjs.org/bignumber.js/-/bignumber.js-2.3.0.tgz",
            "integrity": "sha1-WXoC15Htw9ZPF4UOIXieekCV32Y="
        },
        "bluebird": {
            "version": "3.5.5",
            "resolved": "https://registry.npmjs.org/bluebird/-/bluebird-3.5.5.tgz",
            "integrity": "sha512-5am6HnnfN+urzt4yfg7IgTbotDjIT/u8AJpEt0sIU9FtXfVeezXAPKswrG+xKUCOYAINpSdgZVDU6QFh+cuH3w=="
        },
        "buffer-from": {
            "version": "1.1.1",
            "resolved": "https://registry.npmjs.org/buffer-from/-/buffer-from-1.1.1.tgz",
            "integrity": "sha512-MQcXEUbCKtEo7bhqEs6560Hyd4XaovZlO/k9V3hjVUF/zwW7KBVdSK4gIt/bzwS9MbR5qob+F5jusZsb0YQK2A=="
        },
        "busboy": {
            "version": "0.2.14",
            "resolved": "https://registry.npmjs.org/busboy/-/busboy-0.2.14.tgz",
            "integrity": "sha1-bCpiLvz0fFe7vh4qnDetNseSVFM=",
            "requires": {
                "dicer": "0.2.5",
                "readable-stream": "1.1.x"
            }
        },
        "bytes": {
            "version": "2.4.0",
            "resolved": "https://registry.npmjs.org/bytes/-/bytes-2.4.0.tgz",
            "integrity": "sha1-fZcZb51br39pNeJZhVSe3SpsIzk="
        },
        "co": {
            "version": "4.6.0",
            "resolved": "https://registry.npmjs.org/co/-/co-4.6.0.tgz",
            "integrity": "sha1-bqa989hTrlTMuOR7+gvz+QMfsYQ="
        },
        "co-body": {
            "version": "4.2.0",
            "resolved": "https://registry.npmjs.org/co-body/-/co-body-4.2.0.tgz",
            "integrity": "sha1-dN8g+nMmISXcRUgq8E40LqjbNRU=",
            "requires": {
                "inflation": "~2.0.0",
                "qs": "~4.0.0",
                "raw-body": "~2.1.2",
                "type-is": "~1.6.6"
            }
        },
        "concat-stream": {
            "version": "1.6.2",
            "resolved": "https://registry.npmjs.org/concat-stream/-/concat-stream-1.6.2.tgz",
            "integrity": "sha512-27HBghJxjiZtIk3Ycvn/4kbJk/1uZuJFfuPEns6LaEvpvG1f0hTea8lilrouyo9mVc2GWdcEZ8OLoGmSADlrCw==",
            "requires": {
                "buffer-from": "^1.0.0",
                "inherits": "^2.0.3",
                "readable-stream": "^2.2.2",
                "typedarray": "^0.0.6"
            },
            "dependencies": {
                "isarray": {
                    "version": "1.0.0",
                    "resolved": "https://registry.npmjs.org/isarray/-/isarray-1.0.0.tgz",
                    "integrity": "sha1-u5NdSFgsuhaMBoNJV6VKPgcSTxE="
                },
                "readable-stream": {
                    "version": "2.3.6",
                    "resolved": "https://registry.npmjs.org/readable-stream/-/readable-stream-2.3.6.tgz",
                    "integrity": "sha512-tQtKA9WIAhBF3+VLAseyMqZeBjW0AHJoxOtYqSUZNJxauErmLbVm2FW1y+J/YA9dUrAC39ITejlZWhVIwawkKw==",
                    "requires": {
                        "core-util-is": "~1.0.0",
                        "inherits": "~2.0.3",
                        "isarray": "~1.0.0",
                        "process-nextick-args": "~2.0.0",
                        "safe-buffer": "~5.1.1",
                        "string_decoder": "~1.1.1",
                        "util-deprecate": "~1.0.1"
                    }
                },
                "string_decoder": {
                    "version": "1.1.1",
                    "resolved": "https://registry.npmjs.org/string_decoder/-/string_decoder-1.1.1.tgz",
                    "integrity": "sha512-n/ShnvDi6FHbbVfviro+WojiFzv+s8MPMHBczVePfUpDJLwoLT0ht1l4YwBCbi8pJAveEEdnkHyPyTP/mzRfwg==",
                    "requires": {
                        "safe-buffer": "~5.1.0"
                    }
                }
            }
        },
        "content-disposition": {
            "version": "0.5.3",
            "resolved": "https://registry.npmjs.org/content-disposition/-/content-disposition-0.5.3.tgz",
            "integrity": "sha512-ExO0774ikEObIAEV9kDo50o+79VCUdEB6n6lzKgGwupcVeRlhrj3qGAfwq8G6uBJjkqLrhT0qEYFcWng8z1z0g==",
            "requires": {
                "safe-buffer": "5.1.2"
            }
        },
        "content-type": {
            "version": "1.0.4",
            "resolved": "https://registry.npmjs.org/content-type/-/content-type-1.0.4.tgz",
            "integrity": "sha512-hIP3EEPs8tB9AT1L+NUqtwOAps4mk2Zob89MWXMHjHWg9milF/j4osnnQLXBCBFBk/tvIG/tUc9mOUJiPBhPXA=="
        },
        "cookies": {
            "version": "0.6.2",
            "resolved": "https://registry.npmjs.org/cookies/-/cookies-0.6.2.tgz",
            "integrity": "sha1-asGwUolSCOj8TE9fhqntMbnLXM8=",
            "requires": {
                "depd": "~1.1.0",
                "keygrip": "~1.0.1"
            }
        },
        "core-util-is": {
            "version": "1.0.2",
            "resolved": "https://registry.npmjs.org/core-util-is/-/core-util-is-1.0.2.tgz",
            "integrity": "sha1-tf1UIgqivFq1eqtxQMlAdUUDwac="
        },
        "debug": {
            "version": "4.1.1",
            "resolved": "https://registry.npmjs.org/debug/-/debug-4.1.1.tgz",
            "integrity": "sha512-pYAIzeRo8J6KPEaJ0VWOh5Pzkbw/RetuzehGM7QRRX5he4fPHx2rdKMB256ehJCkX+XRQm16eZLqLNS8RSZXZw==",
            "requires": {
                "ms": "^2.1.1"
            }
        },
        "deep-equal": {
            "version": "1.0.1",
            "resolved": "https://registry.npmjs.org/deep-equal/-/deep-equal-1.0.1.tgz",
            "integrity": "sha1-9dJgKStmDghO/0zbyfCK0yR0SLU="
        },
        "delegates": {
            "version": "1.0.0",
            "resolved": "https://registry.npmjs.org/delegates/-/delegates-1.0.0.tgz",
            "integrity": "sha1-hMbhWbgZBP3KWaDvRM2HDTElD5o="
        },
        "depd": {
            "version": "1.1.2",
            "resolved": "https://registry.npmjs.org/depd/-/depd-1.1.2.tgz",
            "integrity": "sha1-m81S4UwJd2PnSbJ0xDRu0uVgtak="
        },
        "destroy": {
            "version": "1.0.4",
            "resolved": "https://registry.npmjs.org/destroy/-/destroy-1.0.4.tgz",
            "integrity": "sha1-l4hXRCxEdJ5CBmE+N5RiBYJqvYA="
        },
        "dicer": {
            "version": "0.2.5",
            "resolved": "https://registry.npmjs.org/dicer/-/dicer-0.2.5.tgz",
            "integrity": "sha1-WZbAhrszIYyBLAkL3cCc0S+stw8=",
            "requires": {
                "readable-stream": "1.1.x",
                "streamsearch": "0.1.2"
            }
        },
        "dottie": {
            "version": "1.1.1",
            "resolved": "https://registry.npmjs.org/dottie/-/dottie-1.1.1.tgz",
            "integrity": "sha1-RcKj9IvWUo7u0memmoSOqspvqmo="
        },
        "ee-first": {
            "version": "1.1.1",
            "resolved": "https://registry.npmjs.org/ee-first/-/ee-first-1.1.1.tgz",
            "integrity": "sha1-WQxhFWsK4vTwJVcyoViyZrxWsh0="
        },
        "error-inject": {
            "version": "1.0.0",
            "resolved": "https://registry.npmjs.org/error-inject/-/error-inject-1.0.0.tgz",
            "integrity": "sha1-4rPZG1Su1nLzCdlQ0VSFD6EdTzc="
        },
        "escape-html": {
            "version": "1.0.3",
            "resolved": "https://registry.npmjs.org/escape-html/-/escape-html-1.0.3.tgz",
            "integrity": "sha1-Aljq5NPQwJdN4cFpGI7wBR0dGYg="
        },
        "fresh": {
            "version": "0.3.0",
            "resolved": "https://registry.npmjs.org/fresh/-/fresh-0.3.0.tgz",
            "integrity": "sha1-ZR+DjiJCTnVm3hYdg1jKoZn4PU8="
        },
        "generic-pool": {
            "version": "2.4.2",
            "resolved": "https://registry.npmjs.org/generic-pool/-/generic-pool-2.4.2.tgz",
            "integrity": "sha1-iGvFvwvrfblugby7oHiBjeWmJoM="
        },
        "http-assert": {
            "version": "1.4.1",
            "resolved": "https://registry.npmjs.org/http-assert/-/http-assert-1.4.1.tgz",
            "integrity": "sha512-rdw7q6GTlibqVVbXr0CKelfV5iY8G2HqEUkhSk297BMbSpSL8crXC+9rjKoMcZZEsksX30le6f/4ul4E28gegw==",
            "requires": {
                "deep-equal": "~1.0.1",
                "http-errors": "~1.7.2"
            }
        },
        "http-errors": {
            "version": "1.7.3",
            "resolved": "https://registry.npmjs.org/http-errors/-/http-errors-1.7.3.tgz",
            "integrity": "sha512-ZTTX0MWrsQ2ZAhA1cejAwDLycFsd7I7nVtnkT3Ol0aqodaKW+0CTZDQ1uBv5whptCnc8e8HeRRJxRs0kmm/Qfw==",
            "requires": {
                "depd": "~1.1.2",
                "inherits": "2.0.4",
                "setprototypeof": "1.1.1",
                "statuses": ">= 1.5.0 < 2",
                "toidentifier": "1.0.0"
            }
        },
        "iconv-lite": {
            "version": "0.4.13",
            "resolved": "https://registry.npmjs.org/iconv-lite/-/iconv-lite-0.4.13.tgz",
            "integrity": "sha1-H4irpKsLFQjoMSrMOTRfNumS4vI="
        },
        "inflation": {
            "version": "2.0.0",
            "resolved": "https://registry.npmjs.org/inflation/-/inflation-2.0.0.tgz",
            "integrity": "sha1-i0F+R8KPklpFEz2RTKH9OJEH8w8="
        },
        "inflection": {
            "version": "1.12.0",
            "resolved": "https://registry.npmjs.org/inflection/-/inflection-1.12.0.tgz",
            "integrity": "sha1-ogCTVlbW9fa8TcdQLhrstwMihBY="
        },
        "inherits": {
            "version": "2.0.4",
            "resolved": "https://registry.npmjs.org/inherits/-/inherits-2.0.4.tgz",
            "integrity": "sha512-k/vGaX4/Yla3WzyMCvTQOXYeIHvqOKtnqBduzTHpzpQZzAskKMhZ2K+EnBiSM9zGSoIFeMpXKxa4dYeZIQqewQ=="
        },
        "is-generator-function": {
            "version": "1.0.7",
            "resolved": "https://registry.npmjs.org/is-generator-function/-/is-generator-function-1.0.7.tgz",
            "integrity": "sha512-YZc5EwyO4f2kWCax7oegfuSr9mFz1ZvieNYBEjmukLxgXfBUbxAWGVF7GZf0zidYtoBl3WvC07YK0wT76a+Rtw=="
        },
        "isarray": {
            "version": "0.0.1",
            "resolved": "https://registry.npmjs.org/isarray/-/isarray-0.0.1.tgz",
            "integrity": "sha1-ihis/Kmo9Bd+Cav8YDiTmwXR7t8="
        },
        "keygrip": {
            "version": "1.0.3",
            "resolved": "https://registry.npmjs.org/keygrip/-/keygrip-1.0.3.tgz",
            "integrity": "sha512-/PpesirAIfaklxUzp4Yb7xBper9MwP6hNRA6BGGUFCgbJ+BM5CKBtsoxinNXkLHAr+GXS1/lSlF2rP7cv5Fl+g=="
        },
        "koa": {
            "version": "2.0.0",
            "resolved": "https://registry.npmjs.org/koa/-/koa-2.0.0.tgz",
            "integrity": "sha1-2oZa6O5K+uBwQlKQRV0s30iF+dw=",
            "requires": {
                "accepts": "^1.2.2",
                "content-disposition": "~0.5.0",
                "content-type": "^1.0.0",
                "cookies": "~0.6.1",
                "debug": "*",
                "delegates": "^1.0.0",
                "depd": "^1.1.0",
                "destroy": "^1.0.3",
                "error-inject": "~1.0.0",
                "escape-html": "~1.0.1",
                "fresh": "^0.3.0",
                "http-assert": "^1.1.0",
                "http-errors": "^1.2.8",
                "is-generator-function": "^1.0.3",
                "koa-compose": "^3.0.0",
                "koa-convert": "^1.2.0",
                "koa-is-json": "^1.0.0",
                "mime-types": "^2.0.7",
                "on-finished": "^2.1.0",
                "only": "0.0.2",
                "parseurl": "^1.3.0",
                "statuses": "^1.2.0",
                "type-is": "^1.5.5",
                "vary": "^1.0.0"
            }
        },
        "koa-bodyparser": {
            "version": "3.2.0",
            "resolved": "https://registry.npmjs.org/koa-bodyparser/-/koa-bodyparser-3.2.0.tgz",
            "integrity": "sha1-uRbeF+IDn+gmUEgZc9fClPELVxk=",
            "requires": {
                "co-body": "^4.2.0"
            }
        },
        "koa-compose": {
            "version": "3.2.1",
            "resolved": "https://registry.npmjs.org/koa-compose/-/koa-compose-3.2.1.tgz",
            "integrity": "sha1-qFzLQLfZhtjlo0Wzoazo6rz1Tec=",
            "requires": {
                "any-promise": "^1.1.0"
            }
        },
        "koa-convert": {
            "version": "1.2.0",
            "resolved": "https://registry.npmjs.org/koa-convert/-/koa-convert-1.2.0.tgz",
            "integrity": "sha1-2kCHXfSd4FOQmNFwC1CCDOvNIdA=",
            "requires": {
                "co": "^4.6.0",
                "koa-compose": "^3.0.0"
            }
        },
        "koa-is-json": {
            "version": "1.0.0",
            "resolved": "https://registry.npmjs.org/koa-is-json/-/koa-is-json-1.0.0.tgz",
            "integrity": "sha1-JzwH7c3Ljfaiwat9We52SRRR7BQ="
        },
        "koa-multer": {
            "version": "1.0.2",
            "resolved": "https://registry.npmjs.org/koa-multer/-/koa-multer-1.0.2.tgz",
            "integrity": "sha512-0kFzN4atVd+9oiG+4fYxQ9S2T3dPhKNvmhITIY606Qn9wLEmfhW0DhSpOzRYhddN//4rh/TCK95TMtflmFa5lA==",
            "requires": {
                "multer": "1.3.0"
            },
            "dependencies": {
                "append-field": {
                    "version": "0.1.0",
                    "resolved": "https://registry.npmjs.org/append-field/-/append-field-0.1.0.tgz",
                    "integrity": "sha1-bdxY+gg8e8VF08WZWygwzCNm1Eo="
                },
                "multer": {
                    "version": "1.3.0",
                    "resolved": "https://registry.npmjs.org/multer/-/multer-1.3.0.tgz",
                    "integrity": "sha1-CSsmcPaEb6SRSWXvyM+Uwg/sbNI=",
                    "requires": {
                        "append-field": "^0.1.0",
                        "busboy": "^0.2.11",
                        "concat-stream": "^1.5.0",
                        "mkdirp": "^0.5.1",
                        "object-assign": "^3.0.0",
                        "on-finished": "^2.3.0",
                        "type-is": "^1.6.4",
                        "xtend": "^4.0.0"
                    }
                },
                "object-assign": {
                    "version": "3.0.0",
                    "resolved": "https://registry.npmjs.org/object-assign/-/object-assign-3.0.0.tgz",
                    "integrity": "sha1-m+3VygiXlJvKR+f/QIBi1Un1h/I="
                }
            }
        },
        "koa-router": {
            "version": "7.0.0",
            "resolved": "https://registry.npmjs.org/koa-router/-/koa-router-7.0.0.tgz",
            "integrity": "sha1-PdPzWPlILPgxhfBK96GNxyAPDqI=",
            "requires": {
                "debug": "^2.2.0",
                "http-errors": "^1.3.1",
                "koa-compose": "^3.0.0",
                "methods": "^1.0.1",
                "path-to-regexp": "^1.1.1"
            },
            "dependencies": {
                "debug": {
                    "version": "2.6.9",
                    "resolved": "https://registry.npmjs.org/debug/-/debug-2.6.9.tgz",
                    "integrity": "sha512-bC7ElrdJaJnPbAP+1EotYvqZsb3ecl5wi6Bfi6BJTUcNowp6cvspg0jXznRTKDjm/E7AdgFBVeAPVMNcKGsHMA==",
                    "requires": {
                        "ms": "2.0.0"
                    }
                },
                "ms": {
                    "version": "2.0.0",
                    "resolved": "https://registry.npmjs.org/ms/-/ms-2.0.0.tgz",
                    "integrity": "sha1-VgiurfwAvmwpAd9fmGF4jeDVl8g="
                }
            }
        },
        "koa-send": {
            "version": "5.0.0",
            "resolved": "https://registry.npmjs.org/koa-send/-/koa-send-5.0.0.tgz",
            "integrity": "sha512-90ZotV7t0p3uN9sRwW2D484rAaKIsD8tAVtypw/aBU+ryfV+fR2xrcAwhI8Wl6WRkojLUs/cB9SBSCuIb+IanQ==",
            "requires": {
                "debug": "^3.1.0",
                "http-errors": "^1.6.3",
                "mz": "^2.7.0",
                "resolve-path": "^1.4.0"
            },
            "dependencies": {
                "debug": {
                    "version": "3.2.6",
                    "resolved": "https://registry.npmjs.org/debug/-/debug-3.2.6.tgz",
                    "integrity": "sha512-mel+jf7nrtEl5Pn1Qx46zARXKDpBbvzezse7p7LqINmdoIk8PYP5SySaxEmYv6TZ0JyEKA1hsCId6DIhgITtWQ==",
                    "requires": {
                        "ms": "^2.1.1"
                    }
                }
            }
        },
        "koa-static": {
            "version": "5.0.0",
            "resolved": "https://registry.npmjs.org/koa-static/-/koa-static-5.0.0.tgz",
            "integrity": "sha512-UqyYyH5YEXaJrf9S8E23GoJFQZXkBVJ9zYYMPGz919MSX1KuvAcycIuS0ci150HCoPf4XQVhQ84Qf8xRPWxFaQ==",
            "requires": {
                "debug": "^3.1.0",
                "koa-send": "^5.0.0"
            },
            "dependencies": {
                "debug": {
                    "version": "3.2.6",
                    "resolved": "https://registry.npmjs.org/debug/-/debug-3.2.6.tgz",
                    "integrity": "sha512-mel+jf7nrtEl5Pn1Qx46zARXKDpBbvzezse7p7LqINmdoIk8PYP5SySaxEmYv6TZ0JyEKA1hsCId6DIhgITtWQ==",
                    "requires": {
                        "ms": "^2.1.1"
                    }
                }
            }
        },
        "lodash": {
            "version": "4.12.0",
            "resolved": "https://registry.npmjs.org/lodash/-/lodash-4.12.0.tgz",
            "integrity": "sha1-K9bcRqBA9Z5obJcu0h2T3FkFMlg="
        },
        "media-typer": {
            "version": "0.3.0",
            "resolved": "https://registry.npmjs.org/media-typer/-/media-typer-0.3.0.tgz",
            "integrity": "sha1-hxDXrwqmJvj/+hzgAWhUUmMlV0g="
        },
        "methods": {
            "version": "1.1.2",
            "resolved": "https://registry.npmjs.org/methods/-/methods-1.1.2.tgz",
            "integrity": "sha1-VSmk1nZUE07cxSZmVoNbD4Ua/O4="
        },
        "mime-db": {
            "version": "1.40.0",
            "resolved": "https://registry.npmjs.org/mime-db/-/mime-db-1.40.0.tgz",
            "integrity": "sha512-jYdeOMPy9vnxEqFRRo6ZvTZ8d9oPb+k18PKoYNYUe2stVEBPPwsln/qWzdbmaIvnhZ9v2P+CuecK+fpUfsV2mA=="
        },
        "mime-types": {
            "version": "2.1.24",
            "resolved": "https://registry.npmjs.org/mime-types/-/mime-types-2.1.24.tgz",
            "integrity": "sha512-WaFHS3MCl5fapm3oLxU4eYDw77IQM2ACcxQ9RIxfaC3ooc6PFuBMGZZsYpvoXS5D5QTWPieo1jjLdAm3TBP3cQ==",
            "requires": {
                "mime-db": "1.40.0"
            }
        },
        "minimist": {
            "version": "0.0.8",
            "resolved": "https://registry.npmjs.org/minimist/-/minimist-0.0.8.tgz",
            "integrity": "sha1-hX/Kv8M5fSYluCKCYuhqp6ARsF0="
        },
        "mkdirp": {
            "version": "0.5.1",
            "resolved": "https://registry.npmjs.org/mkdirp/-/mkdirp-0.5.1.tgz",
            "integrity": "sha1-MAV0OOrGz3+MR2fzhkjWaX11yQM=",
            "requires": {
                "minimist": "0.0.8"
            }
        },
        "moment": {
            "version": "2.29.2",
            "resolved": "https://registry.npmjs.org/moment/-/moment-2.29.2.tgz",
            "integrity": "sha512-UgzG4rvxYpN15jgCmVJwac49h9ly9NurikMWGPdVxm8GZD6XjkKPxDTjQQ43gtGgnV3X0cAyWDdP2Wexoquifg=="
        },
        "moment-timezone": {
            "version": "0.5.26",
            "resolved": "https://registry.npmjs.org/moment-timezone/-/moment-timezone-0.5.26.tgz",
            "integrity": "sha512-sFP4cgEKTCymBBKgoxZjYzlSovC20Y6J7y3nanDc5RoBIXKlZhoYwBoZGe3flwU6A372AcRwScH8KiwV6zjy1g==",
            "requires": {
                "moment": ">= 2.9.0"
            }
        },
        "ms": {
            "version": "2.1.2",
            "resolved": "https://registry.npmjs.org/ms/-/ms-2.1.2.tgz",
            "integrity": "sha512-sGkPx+VjMtmA6MX27oA4FBFELFCZZ4S4XqeGOXCv68tT+jb3vk/RyaKWP0PTKyWtmLSM0b+adUTEvbs1PEaH2w=="
        },
        "multer": {
            "version": "1.4.2",
            "resolved": "https://registry.npmjs.org/multer/-/multer-1.4.2.tgz",
            "integrity": "sha512-xY8pX7V+ybyUpbYMxtjM9KAiD9ixtg5/JkeKUTD6xilfDv0vzzOFcCp4Ljb1UU3tSOM3VTZtKo63OmzOrGi3Cg==",
            "requires": {
                "append-field": "^1.0.0",
                "busboy": "^0.2.11",
                "concat-stream": "^1.5.2",
                "mkdirp": "^0.5.1",
                "object-assign": "^4.1.1",
                "on-finished": "^2.3.0",
                "type-is": "^1.6.4",
                "xtend": "^4.0.0"
            }
        },
        "mysql": {
            "version": "2.11.1",
            "resolved": "https://registry.npmjs.org/mysql/-/mysql-2.11.1.tgz",
            "integrity": "sha1-e9v9pHcUH9Fe7sK3EDIMDSDOfQg=",
            "requires": {
                "bignumber.js": "2.3.0",
                "readable-stream": "1.1.14",
                "sqlstring": "2.0.1"
            }
        },
        "mz": {
            "version": "2.7.0",
            "resolved": "https://registry.npmjs.org/mz/-/mz-2.7.0.tgz",
            "integrity": "sha512-z81GNO7nnYMEhrGh9LeymoE4+Yr0Wn5McHIZMK5cfQCl+NDX08sCZgUc9/6MHni9IWuFLm1Z3HTCXu2z9fN62Q==",
            "requires": {
                "any-promise": "^1.0.0",
                "object-assign": "^4.0.1",
                "thenify-all": "^1.0.0"
            }
        },
        "negotiator": {
            "version": "0.6.2",
            "resolved": "https://registry.npmjs.org/negotiator/-/negotiator-0.6.2.tgz",
            "integrity": "sha512-hZXc7K2e+PgeI1eDBe/10Ard4ekbfrrqG8Ep+8Jmf4JID2bNg7NvCPOZN+kfF574pFQI7mum2AUqDidoKqcTOw=="
        },
        "node-uuid": {
            "version": "1.4.8",
            "resolved": "https://registry.npmjs.org/node-uuid/-/node-uuid-1.4.8.tgz",
            "integrity": "sha1-sEDrCSOWivq/jTL7HxfxFn/auQc="
        },
        "object-assign": {
            "version": "4.1.1",
            "resolved": "https://registry.npmjs.org/object-assign/-/object-assign-4.1.1.tgz",
            "integrity": "sha1-IQmtx5ZYh8/AXLvUQsrIv7s2CGM="
        },
        "on-finished": {
            "version": "2.3.0",
            "resolved": "https://registry.npmjs.org/on-finished/-/on-finished-2.3.0.tgz",
            "integrity": "sha1-IPEzZIGwg811M3mSoWlxqi2QaUc=",
            "requires": {
                "ee-first": "1.1.1"
            }
        },
        "only": {
            "version": "0.0.2",
            "resolved": "https://registry.npmjs.org/only/-/only-0.0.2.tgz",
            "integrity": "sha1-Kv3oTQPlC5qO3EROMGEKcCle37Q="
        },
        "parseurl": {
            "version": "1.3.3",
            "resolved": "https://registry.npmjs.org/parseurl/-/parseurl-1.3.3.tgz",
            "integrity": "sha512-CiyeOxFT/JZyN5m0z9PfXw4SCBJ6Sygz1Dpl0wqjlhDEGGBP1GnsUVEL0p63hoG1fcj3fHynXi9NYO4nWOL+qQ=="
        },
        "path": {
            "version": "0.12.7",
            "resolved": "https://registry.npmjs.org/path/-/path-0.12.7.tgz",
            "integrity": "sha1-1NwqUGxM4hl+tIHr/NWzbAFAsQ8=",
            "requires": {
                "process": "^0.11.1",
                "util": "^0.10.3"
            }
        },
        "path-is-absolute": {
            "version": "1.0.1",
            "resolved": "https://registry.npmjs.org/path-is-absolute/-/path-is-absolute-1.0.1.tgz",
            "integrity": "sha1-F0uSaHNVNP+8es5r9TpanhtcX18="
        },
        "path-to-regexp": {
            "version": "1.7.0",
            "resolved": "https://registry.npmjs.org/path-to-regexp/-/path-to-regexp-1.7.0.tgz",
            "integrity": "sha1-Wf3g9DW62suhA6hOnTvGTpa5k30=",
            "requires": {
                "isarray": "0.0.1"
            }
        },
        "process": {
            "version": "0.11.10",
            "resolved": "https://registry.npmjs.org/process/-/process-0.11.10.tgz",
            "integrity": "sha1-czIwDoQBYb2j5podHZGn1LwW8YI="
        },
        "process-nextick-args": {
            "version": "2.0.1",
            "resolved": "https://registry.npmjs.org/process-nextick-args/-/process-nextick-args-2.0.1.tgz",
            "integrity": "sha512-3ouUOpQhtgrbOa17J7+uxOTpITYWaGP7/AhoR3+A+/1e9skrzelGi/dXzEYyvbxubEF6Wn2ypscTKiKJFFn1ag=="
        },
        "qs": {
            "version": "4.0.0",
            "resolved": "https://registry.npmjs.org/qs/-/qs-4.0.0.tgz",
            "integrity": "sha1-wx2bdOwn33XlQ6hseHKO2NRiNgc="
        },
        "raw-body": {
            "version": "2.1.7",
            "resolved": "https://registry.npmjs.org/raw-body/-/raw-body-2.1.7.tgz",
            "integrity": "sha1-rf6s4uT7MJgFgBTQjActzFl1h3Q=",
            "requires": {
                "bytes": "2.4.0",
                "iconv-lite": "0.4.13",
                "unpipe": "1.0.0"
            }
        },
        "readable-stream": {
            "version": "1.1.14",
            "resolved": "https://registry.npmjs.org/readable-stream/-/readable-stream-1.1.14.tgz",
            "integrity": "sha1-fPTFTvZI44EwhMY23SB54WbAgdk=",
            "requires": {
                "core-util-is": "~1.0.0",
                "inherits": "~2.0.1",
                "isarray": "0.0.1",
                "string_decoder": "~0.10.x"
            }
        },
        "resolve-path": {
            "version": "1.4.0",
            "resolved": "https://registry.npmjs.org/resolve-path/-/resolve-path-1.4.0.tgz",
            "integrity": "sha1-xL2p9e+y/OZSR4c6s2u02DT+Fvc=",
            "requires": {
                "http-errors": "~1.6.2",
                "path-is-absolute": "1.0.1"
            },
            "dependencies": {
                "http-errors": {
                    "version": "1.6.3",
                    "resolved": "https://registry.npmjs.org/http-errors/-/http-errors-1.6.3.tgz",
                    "integrity": "sha1-i1VoC7S+KDoLW/TqLjhYC+HZMg0=",
                    "requires": {
                        "depd": "~1.1.2",
                        "inherits": "2.0.3",
                        "setprototypeof": "1.1.0",
                        "statuses": ">= 1.4.0 < 2"
                    }
                },
                "inherits": {
                    "version": "2.0.3",
                    "resolved": "https://registry.npmjs.org/inherits/-/inherits-2.0.3.tgz",
                    "integrity": "sha1-Yzwsg+PaQqUC9SRmAiSA9CCCYd4="
                },
                "setprototypeof": {
                    "version": "1.1.0",
                    "resolved": "https://registry.npmjs.org/setprototypeof/-/setprototypeof-1.1.0.tgz",
                    "integrity": "sha512-BvE/TwpZX4FXExxOxZyRGQQv651MSwmWKZGqvmPcRIjDqWub67kTKuIMx43cZZrS/cBBzwBcNDWoFxt2XEFIpQ=="
                }
            }
        },
        "retry-as-promised": {
            "version": "2.3.2",
            "resolved": "https://registry.npmjs.org/retry-as-promised/-/retry-as-promised-2.3.2.tgz",
            "integrity": "sha1-zZdO5P2bX+A8vzGHHuSCIcB3N7c=",
            "requires": {
                "bluebird": "^3.4.6",
                "debug": "^2.6.9"
            },
            "dependencies": {
                "debug": {
                    "version": "2.6.9",
                    "resolved": "https://registry.npmjs.org/debug/-/debug-2.6.9.tgz",
                    "integrity": "sha512-bC7ElrdJaJnPbAP+1EotYvqZsb3ecl5wi6Bfi6BJTUcNowp6cvspg0jXznRTKDjm/E7AdgFBVeAPVMNcKGsHMA==",
                    "requires": {
                        "ms": "2.0.0"
                    }
                },
                "ms": {
                    "version": "2.0.0",
                    "resolved": "https://registry.npmjs.org/ms/-/ms-2.0.0.tgz",
                    "integrity": "sha1-VgiurfwAvmwpAd9fmGF4jeDVl8g="
                }
            }
        },
        "safe-buffer": {
            "version": "5.1.2",
            "resolved": "https://registry.npmjs.org/safe-buffer/-/safe-buffer-5.1.2.tgz",
            "integrity": "sha512-Gd2UZBJDkXlY7GbJxfsE8/nvKkUEU1G38c1siN6QP6a9PT9MmHB8GnpscSmMJSoF8LOIrt8ud/wPtojys4G6+g=="
        },
        "semver": {
            "version": "5.7.0",
            "resolved": "https://registry.npmjs.org/semver/-/semver-5.7.0.tgz",
            "integrity": "sha512-Ya52jSX2u7QKghxeoFGpLwCtGlt7j0oY9DYb5apt9nPlJ42ID+ulTXESnt/qAQcoSERyZ5sl3LDIOw0nAn/5DA=="
        },
        "sequelize": {
            "version": "3.24.1",
            "resolved": "https://registry.npmjs.org/sequelize/-/sequelize-3.24.1.tgz",
            "integrity": "sha1-2SkDvxukqwzROO2xWmxCB4/T22k=",
            "requires": {
                "bluebird": "^3.3.4",
                "depd": "^1.1.0",
                "dottie": "^1.0.0",
                "generic-pool": "2.4.2",
                "inflection": "^1.6.0",
                "lodash": "4.12.0",
                "moment": "^2.13.0",
                "moment-timezone": "^0.5.4",
                "node-uuid": "~1.4.4",
                "retry-as-promised": "^2.0.0",
                "semver": "^5.0.1",
                "shimmer": "1.1.0",
                "terraformer-wkt-parser": "^1.1.0",
                "toposort-class": "^1.0.1",
                "validator": "^5.2.0",
                "wkx": "0.2.0"
            }
        },
        "setprototypeof": {
            "version": "1.1.1",
            "resolved": "https://registry.npmjs.org/setprototypeof/-/setprototypeof-1.1.1.tgz",
            "integrity": "sha512-JvdAWfbXeIGaZ9cILp38HntZSFSo3mWg6xGcJJsd+d4aRMOqauag1C63dJfDw7OaMYwEbHMOxEZ1lqVRYP2OAw=="
        },
        "shimmer": {
            "version": "1.1.0",
            "resolved": "https://registry.npmjs.org/shimmer/-/shimmer-1.1.0.tgz",
            "integrity": "sha1-l9c3cTf/u6tCVSLkKf4KqJpIizU="
        },
        "sqlstring": {
            "version": "2.0.1",
            "resolved": "https://registry.npmjs.org/sqlstring/-/sqlstring-2.0.1.tgz",
            "integrity": "sha1-vNPDkxrxpat9VKVY6zVjyj03i5g="
        },
        "statuses": {
            "version": "1.5.0",
            "resolved": "https://registry.npmjs.org/statuses/-/statuses-1.5.0.tgz",
            "integrity": "sha1-Fhx9rBd2Wf2YEfQ3cfqZOBR4Yow="
        },
        "streamsearch": {
            "version": "0.1.2",
            "resolved": "https://registry.npmjs.org/streamsearch/-/streamsearch-0.1.2.tgz",
            "integrity": "sha1-gIudDlb8Jz2Am6VzOOkpkZoanxo="
        },
        "string_decoder": {
            "version": "0.10.31",
            "resolved": "https://registry.npmjs.org/string_decoder/-/string_decoder-0.10.31.tgz",
            "integrity": "sha1-YuIDvEF2bGwoyfyEMB2rHFMQ+pQ="
        },
        "terraformer": {
            "version": "1.0.9",
            "resolved": "https://registry.npmjs.org/terraformer/-/terraformer-1.0.9.tgz",
            "integrity": "sha512-YlmQ1fsMWTkKGDGibCRWgmLzrpDRUr63Q025LJ/taYQ6j1Yb8q9McKF7NBi6ACAyUXO6F/bl9w6v4MY307y5Ag==",
            "requires": {
                "@types/geojson": "^1.0.0"
            }
        },
        "terraformer-wkt-parser": {
            "version": "1.2.0",
            "resolved": "https://registry.npmjs.org/terraformer-wkt-parser/-/terraformer-wkt-parser-1.2.0.tgz",
            "integrity": "sha512-QU3iA54St5lF8Za1jg1oj4NYc8sn5tCZ08aNSWDeGzrsaV48eZk1iAVWasxhNspYBoCqdHuoot1pUTUrE1AJ4w==",
            "requires": {
                "@types/geojson": "^1.0.0",
                "terraformer": "~1.0.5"
            }
        },
        "thenify": {
            "version": "3.3.0",
            "resolved": "https://registry.npmjs.org/thenify/-/thenify-3.3.0.tgz",
            "integrity": "sha1-5p44obq+lpsBCCB5eLn2K4hgSDk=",
            "requires": {
                "any-promise": "^1.0.0"
            }
        },
        "thenify-all": {
            "version": "1.6.0",
            "resolved": "https://registry.npmjs.org/thenify-all/-/thenify-all-1.6.0.tgz",
            "integrity": "sha1-GhkY1ALY/D+Y+/I02wvMjMEOlyY=",
            "requires": {
                "thenify": ">= 3.1.0 < 4"
            }
        },
        "toidentifier": {
            "version": "1.0.0",
            "resolved": "https://registry.npmjs.org/toidentifier/-/toidentifier-1.0.0.tgz",
            "integrity": "sha512-yaOH/Pk/VEhBWWTlhI+qXxDFXlejDGcQipMlyxda9nthulaxLZUNcUqFxokp0vcYnvteJln5FNQDRrxj3YcbVw=="
        },
        "toposort-class": {
            "version": "1.0.1",
            "resolved": "https://registry.npmjs.org/toposort-class/-/toposort-class-1.0.1.tgz",
            "integrity": "sha1-f/0feMi+KMO6Rc1OGj9e4ZO9mYg="
        },
        "type-is": {
            "version": "1.6.18",
            "resolved": "https://registry.npmjs.org/type-is/-/type-is-1.6.18.tgz",
            "integrity": "sha512-TkRKr9sUTxEH8MdfuCSP7VizJyzRNMjj2J2do2Jr3Kym598JVdEksuzPQCnlFPW4ky9Q+iA+ma9BGm06XQBy8g==",
            "requires": {
                "media-typer": "0.3.0",
                "mime-types": "~2.1.24"
            }
        },
        "typedarray": {
            "version": "0.0.6",
            "resolved": "https://registry.npmjs.org/typedarray/-/typedarray-0.0.6.tgz",
            "integrity": "sha1-hnrHTjhkGHsdPUfZlqeOxciDB3c="
        },
        "unpipe": {
            "version": "1.0.0",
            "resolved": "https://registry.npmjs.org/unpipe/-/unpipe-1.0.0.tgz",
            "integrity": "sha1-sr9O6FFKrmFltIF4KdIbLvSZBOw="
        },
        "util": {
            "version": "0.10.4",
            "resolved": "https://registry.npmjs.org/util/-/util-0.10.4.tgz",
            "integrity": "sha512-0Pm9hTQ3se5ll1XihRic3FDIku70C+iHUdT/W926rSgHV5QgXsYbKZN8MSC3tJtSkhuROzvsQjAaFENRXr+19A==",
            "requires": {
                "inherits": "2.0.3"
            },
            "dependencies": {
                "inherits": {
                    "version": "2.0.3",
                    "resolved": "https://registry.npmjs.org/inherits/-/inherits-2.0.3.tgz",
                    "integrity": "sha1-Yzwsg+PaQqUC9SRmAiSA9CCCYd4="
                }
            }
        },
        "util-deprecate": {
            "version": "1.0.2",
            "resolved": "https://registry.npmjs.org/util-deprecate/-/util-deprecate-1.0.2.tgz",
            "integrity": "sha1-RQ1Nyfpw3nMnYvvS1KKJgUGaDM8="
        },
        "validator": {
            "version": "5.7.0",
            "resolved": "https://registry.npmjs.org/validator/-/validator-5.7.0.tgz",
            "integrity": "sha1-eoelgUa2laxIYHEUHAxJ1n2gXlw="
        },
        "vary": {
            "version": "1.1.2",
            "resolved": "https://registry.npmjs.org/vary/-/vary-1.1.2.tgz",
            "integrity": "sha1-IpnwLG3tMNSllhsLn3RSShj2NPw="
        },
        "wkx": {
            "version": "0.2.0",
            "resolved": "https://registry.npmjs.org/wkx/-/wkx-0.2.0.tgz",
            "integrity": "sha1-dsJPFqzQzY+TzTSqMx4PeWElboQ="
        },
        "xtend": {
            "version": "4.0.2",
            "resolved": "https://registry.npmjs.org/xtend/-/xtend-4.0.2.tgz",
            "integrity": "sha512-LKYU1iAXJXUgAXn9URjiu+MWhyUXHsvfp7mcuYm9dSUKK0/CjtrUwFAxD82/mCWbtLsGjFIad0wIsod4zrTAEQ=="
        }
    }
}
